
Microsoft Visual Studio Solution File, Format Version 12.00
# Visual Studio Version 16
VisualStudioVersion = 16.0.29324.140
MinimumVisualStudioVersion = 10.0.40219.1
Project("{9A19103F-16F7-4668-BE54-9A1E7A4F7556}") = "Bank.WebUI", "Inlamning1-Freddie\Bank.WebUI\Bank.WebUI.csproj", "{B893FED9-E69D-4287-87D6-86884D2A735F}"
EndProject
Project("{FAE04EC0-301F-11D3-BF4B-00C04F79EFBC}") = "Bank.Tests", "Inlamning1-Freddie\Bank.Tests\Bank.Tests.csproj", "{FC0CBA9F-8E1C-482A-B1EB-38DF0F56FADC}"
EndProject
Global
	GlobalSection(SolutionConfigurationPlatforms) = preSolution
		Debug|Any CPU = Debug|Any CPU
		Release|Any CPU = Release|Any CPU
	EndGlobalSection
	GlobalSection(ProjectConfigurationPlatforms) = postSolution
		{B893FED9-E69D-4287-87D6-86884D2A735F}.Debug|Any CPU.ActiveCfg = Debug|Any CPU
		{B893FED9-E69D-4287-87D6-86884D2A735F}.Debug|Any CPU.Build.0 = Debug|Any CPU
		{B893FED9-E69D-4287-87D6-86884D2A735F}.Release|Any CPU.ActiveCfg = Release|Any CPU
		{B893FED9-E69D-4287-87D6-86884D2A735F}.Release|Any CPU.Build.0 = Release|Any CPU
		{FC0CBA9F-8E1C-482A-B1EB-38DF0F56FADC}.Debug|Any CPU.ActiveCfg = Debug|Any CPU
		{FC0CBA9F-8E1C-482A-B1EB-38DF0F56FADC}.Debug|Any CPU.Build.0 = Debug|Any CPU
		{FC0CBA9F-8E1C-482A-B1EB-38DF0F56FADC}.Release|Any CPU.ActiveCfg = Release|Any CPU
		{FC0CBA9F-8E1C-482A-B1EB-38DF0F56FADC}.Release|Any CPU.Build.0 = Release|Any CPU
	EndGlobalSection
	GlobalSection(SolutionProperties) = preSolution
		HideSolutionNode = FALSE
	EndGlobalSection
	GlobalSection(ExtensibilityGlobals) = postSolution
		SolutionGuid = {0318CE9A-D773-4321-8559-85A7A6603E5A}
	EndGlobalSection
EndGlobal
