
Microsoft Visual Studio Solution File, Format Version 12.00
# Visual Studio Version 16
VisualStudioVersion = 16.0.28531.58
MinimumVisualStudioVersion = 10.0.40219.1
Project("{FAE04EC0-301F-11D3-BF4B-00C04F79EFBC}") = "Webshop", "Webshop\Webshop.csproj", "{817F39CE-1E56-4D99-BB6E-0DD0E4C04D74}"
EndProject
Global
	GlobalSection(SolutionConfigurationPlatforms) = preSolution
		Debug|Any CPU = Debug|Any CPU
		Release|Any CPU = Release|Any CPU
	EndGlobalSection
	GlobalSection(ProjectConfigurationPlatforms) = postSolution
		{817F39CE-1E56-4D99-BB6E-0DD0E4C04D74}.Debug|Any CPU.ActiveCfg = Debug|Any CPU
		{817F39CE-1E56-4D99-BB6E-0DD0E4C04D74}.Debug|Any CPU.Build.0 = Debug|Any CPU
		{817F39CE-1E56-4D99-BB6E-0DD0E4C04D74}.Release|Any CPU.ActiveCfg = Release|Any CPU
		{817F39CE-1E56-4D99-BB6E-0DD0E4C04D74}.Release|Any CPU.Build.0 = Release|Any CPU
	EndGlobalSection
	GlobalSection(SolutionProperties) = preSolution
		HideSolutionNode = FALSE
	EndGlobalSection
	GlobalSection(ExtensibilityGlobals) = postSolution
		SolutionGuid = {DEE62052-DA36-4657-9613-BEB682112477}
	EndGlobalSection
EndGlobal
